
Microsoft Visual Studio Solution File, Format Version 12.00
# Visual Studio 15
VisualStudioVersion = 15.0.28307.572
MinimumVisualStudioVersion = 10.0.40219.1
Project("{FAE04EC0-301F-11D3-BF4B-00C04F79EFBC}") = "JsonSchemaValidator", "JsonSchemaValidator\JsonSchemaValidator.csproj", "{6599E811-7B7E-4C67-8BCC-5ACA39B2EC30}"
EndProject
Project("{FAE04EC0-301F-11D3-BF4B-00C04F79EFBC}") = "JsonSchemaValidator.Test", "JsonSchemaValidator.Test\JsonSchemaValidator.Test.csproj", "{C01FE306-970F-4D0A-8CC1-A5DD7F35F467}"
EndProject
Global
	GlobalSection(SolutionConfigurationPlatforms) = preSolution
		Debug|Any CPU = Debug|Any CPU
		Release|Any CPU = Release|Any CPU
	EndGlobalSection
	GlobalSection(ProjectConfigurationPlatforms) = postSolution
		{6599E811-7B7E-4C67-8BCC-5ACA39B2EC30}.Debug|Any CPU.ActiveCfg = Debug|Any CPU
		{6599E811-7B7E-4C67-8BCC-5ACA39B2EC30}.Debug|Any CPU.Build.0 = Debug|Any CPU
		{6599E811-7B7E-4C67-8BCC-5ACA39B2EC30}.Release|Any CPU.ActiveCfg = Release|Any CPU
		{6599E811-7B7E-4C67-8BCC-5ACA39B2EC30}.Release|Any CPU.Build.0 = Release|Any CPU
		{C01FE306-970F-4D0A-8CC1-A5DD7F35F467}.Debug|Any CPU.ActiveCfg = Debug|Any CPU
		{C01FE306-970F-4D0A-8CC1-A5DD7F35F467}.Debug|Any CPU.Build.0 = Debug|Any CPU
		{C01FE306-970F-4D0A-8CC1-A5DD7F35F467}.Release|Any CPU.ActiveCfg = Release|Any CPU
		{C01FE306-970F-4D0A-8CC1-A5DD7F35F467}.Release|Any CPU.Build.0 = Release|Any CPU
	EndGlobalSection
	GlobalSection(SolutionProperties) = preSolution
		HideSolutionNode = FALSE
	EndGlobalSection
	GlobalSection(ExtensibilityGlobals) = postSolution
		SolutionGuid = {79384A8A-DF26-4152-8A09-39A60EB714DD}
	EndGlobalSection
EndGlobal
